
Microsoft Visual Studio Solution File, Format Version 12.00
# Visual Studio Version 16
VisualStudioVersion = 16.0.32126.315
MinimumVisualStudioVersion = 10.0.40219.1
Project("{FAE04EC0-301F-11D3-BF4B-00C04F79EFBC}") = "excepciones-cSharp", "excepciones-cSharp\excepciones-cSharp.csproj", "{44BD358F-BAF9-4890-B6B5-6857CD09B06C}"
EndProject
Global
	GlobalSection(SolutionConfigurationPlatforms) = preSolution
		Debug|Any CPU = Debug|Any CPU
		Release|Any CPU = Release|Any CPU
	EndGlobalSection
	GlobalSection(ProjectConfigurationPlatforms) = postSolution
		{44BD358F-BAF9-4890-B6B5-6857CD09B06C}.Debug|Any CPU.ActiveCfg = Debug|Any CPU
		{44BD358F-BAF9-4890-B6B5-6857CD09B06C}.Debug|Any CPU.Build.0 = Debug|Any CPU
		{44BD358F-BAF9-4890-B6B5-6857CD09B06C}.Release|Any CPU.ActiveCfg = Release|Any CPU
		{44BD358F-BAF9-4890-B6B5-6857CD09B06C}.Release|Any CPU.Build.0 = Release|Any CPU
	EndGlobalSection
	GlobalSection(SolutionProperties) = preSolution
		HideSolutionNode = FALSE
	EndGlobalSection
	GlobalSection(ExtensibilityGlobals) = postSolution
		SolutionGuid = {6562B0C2-1F75-459C-8C09-95A92530B733}
	EndGlobalSection
EndGlobal
